// !$*UTF8*$!
{
	archiveVersion = 1;
	classes = {
	};
	objectVersion = 77;
	objects = {

/* Begin PBXContainerItemProxy section */
		9342E20F2DAB09D30079C451 /* PBXContainerItemProxy */ = {
			isa = PBXContainerItemProxy;
			containerPortal = 9342E1F02DAB09D10079C451 /* Project object */;
			proxyType = 1;
			remoteGlobalIDString = 9342E1F72DAB09D10079C451;
			remoteInfo = Breadic;
		};
		9342E2192DAB09D30079C451 /* PBXContainerItemProxy */ = {
			isa = PBXContainerItemProxy;
			containerPortal = 9342E1F02DAB09D10079C451 /* Project object */;
			proxyType = 1;
			remoteGlobalIDString = 9342E1F72DAB09D10079C451;
			remoteInfo = Breadic;
		};
/* End PBXContainerItemProxy section */

/* Begin PBXFileReference section */
		9342E1F82DAB09D10079C451 /* Breadic.app */ = {isa = PBXFileReference; explicitFileType = wrapper.application; includeInIndex = 0; path = Breadic.app; sourceTree = BUILT_PRODUCTS_DIR; };
		9342E20E2DAB09D30079C451 /* BreadicTests.xctest */ = {isa = PBXFileReference; explicitFileType = wrapper.cfbundle; includeInIndex = 0; path = BreadicTests.xctest; sourceTree = BUILT_PRODUCTS_DIR; };
		9342E2182DAB09D30079C451 /* BreadicUITests.xctest */ = {isa = PBXFileReference; explicitFileType = wrapper.cfbundle; includeInIndex = 0; path = BreadicUITests.xctest; sourceTree = BUILT_PRODUCTS_DIR; };
/* End PBXFileReference section */

/* Begin PBXFileSystemSynchronizedBuildFileExceptionSet section */
		9342E2202DAB09D30079C451 /* Exceptions for "Breadic" folder in "Breadic" target */ = {
			isa = PBXFileSystemSynchronizedBuildFileExceptionSet;
			membershipExceptions = (
				Info.plist,
			);
			target = 9342E1F72DAB09D10079C451 /* Breadic */;
		};
/* End PBXFileSystemSynchronizedBuildFileExceptionSet section */

/* Begin PBXFileSystemSynchronizedRootGroup section */
		9342E1FA2DAB09D10079C451 /* Breadic */ = {
			isa = PBXFileSystemSynchronizedRootGroup;
			exceptions = (
				9342E2202DAB09D30079C451 /* Exceptions for "Breadic" folder in "Breadic" target */,
			);
			path = Breadic;
			sourceTree = "<group>";
		};
		9342E2112DAB09D30079C451 /* BreadicTests */ = {
			isa = PBXFileSystemSynchronizedRootGroup;
			path = BreadicTests;
			sourceTree = "<group>";
		};
		9342E21B2DAB09D30079C451 /* BreadicUITests */ = {
			isa = PBXFileSystemSynchronizedRootGroup;
			path = BreadicUITests;
			sourceTree = "<group>";
		};
/* End PBXFileSystemSynchronizedRootGroup section */

/* Begin PBXFrameworksBuildPhase section */
		9342E1F52DAB09D10079C451 /* Frameworks */ = {
			isa = PBXFrameworksBuildPhase;
			buildActionMask = 2147483647;
			files = (
			);
			runOnlyForDeploymentPostprocessing = 0;
		};
		9342E20B2DAB09D30079C451 /* Frameworks */ = {
			isa = PBXFrameworksBuildPhase;
			buildActionMask = 2147483647;
			files = (
			);
			runOnlyForDeploymentPostprocessing = 0;
		};
		9342E2152DAB09D30079C451 /* Frameworks */ = {
			isa = PBXFrameworksBuildPhase;
			buildActionMask = 2147483647;
			files = (
			);
			runOnlyForDeploymentPostprocessing = 0;
		};
/* End PBXFrameworksBuildPhase section */

/* Begin PBXGroup section */
		9342E1EF2DAB09D10079C451 = {
			isa = PBXGroup;
			children = (
				9342E1FA2DAB09D10079C451 /* Breadic */,
				9342E2112DAB09D30079C451 /* BreadicTests */,
				9342E21B2DAB09D30079C451 /* BreadicUITests */,
				9342E1F92DAB09D10079C451 /* Products */,
			);
			sourceTree = "<group>";
		};
		9342E1F92DAB09D10079C451 /* Products */ = {
			isa = PBXGroup;
			children = (
				9342E1F82DAB09D10079C451 /* Breadic.app */,
				9342E20E2DAB09D30079C451 /* BreadicTests.xctest */,
				9342E2182DAB09D30079C451 /* BreadicUITests.xctest */,
			);
			name = Products;
			sourceTree = "<group>";
		};
/* End PBXGroup section */

/* Begin PBXNativeTarget section */
		9342E1F72DAB09D10079C451 /* Breadic */ = {
			isa = PBXNativeTarget;
			buildConfigurationList = 9342E2212DAB09D30079C451 /* Build configuration list for PBXNativeTarget "Breadic" */;
			buildPhases = (
				9342E1F42DAB09D10079C451 /* Sources */,
				9342E1F52DAB09D10079C451 /* Frameworks */,
				9342E1F62DAB09D10079C451 /* Resources */,
			);
			buildRules = (
			);
			dependencies = (
			);
			fileSystemSynchronizedGroups = (
				9342E1FA2DAB09D10079C451 /* Breadic */,
			);
			name = Breadic;
			packageProductDependencies = (
			);
			productName = Breadic;
			productReference = 9342E1F82DAB09D10079C451 /* Breadic.app */;
			productType = "com.apple.product-type.application";
		};
		9342E20D2DAB09D30079C451 /* BreadicTests */ = {
			isa = PBXNativeTarget;
			buildConfigurationList = 9342E2262DAB09D30079C451 /* Build configuration list for PBXNativeTarget "BreadicTests" */;
			buildPhases = (
				9342E20A2DAB09D30079C451 /* Sources */,
				9342E20B2DAB09D30079C451 /* Frameworks */,
				9342E20C2DAB09D30079C451 /* Resources */,
			);
			buildRules = (
			);
			dependencies = (
				9342E2102DAB09D30079C451 /* PBXTargetDependency */,
			);
			fileSystemSynchronizedGroups = (
				9342E2112DAB09D30079C451 /* BreadicTests */,
			);
			name = BreadicTests;
			packageProductDependencies = (
			);
			productName = BreadicTests;
			productReference = 9342E20E2DAB09D30079C451 /* BreadicTests.xctest */;
			productType = "com.apple.product-type.bundle.unit-test";
		};
		9342E2172DAB09D30079C451 /* BreadicUITests */ = {
			isa = PBXNativeTarget;
			buildConfigurationList = 9342E2292DAB09D30079C451 /* Build configuration list for PBXNativeTarget "BreadicUITests" */;
			buildPhases = (
				9342E2142DAB09D30079C451 /* Sources */,
				9342E2152DAB09D30079C451 /* Frameworks */,
				9342E2162DAB09D30079C451 /* Resources */,
			);
			buildRules = (
			);
			dependencies = (
				9342E21A2DAB09D30079C451 /* PBXTargetDependency */,
			);
			fileSystemSynchronizedGroups = (
				9342E21B2DAB09D30079C451 /* BreadicUITests */,
			);
			name = BreadicUITests;
			packageProductDependencies = (
			);
			productName = BreadicUITests;
			productReference = 9342E2182DAB09D30079C451 /* BreadicUITests.xctest */;
			productType = "com.apple.product-type.bundle.ui-testing";
		};
/* End PBXNativeTarget section */

/* Begin PBXProject section */
		9342E1F02DAB09D10079C451 /* Project object */ = {
			isa = PBXProject;
			attributes = {
				BuildIndependentTargetsInParallel = 1;
				LastSwiftUpdateCheck = 1620;
				LastUpgradeCheck = 1620;
				TargetAttributes = {
					9342E1F72DAB09D10079C451 = {
						CreatedOnToolsVersion = 16.2;
					};
					9342E20D2DAB09D30079C451 = {
						CreatedOnToolsVersion = 16.2;
						TestTargetID = 9342E1F72DAB09D10079C451;
					};
					9342E2172DAB09D30079C451 = {
						CreatedOnToolsVersion = 16.2;
						TestTargetID = 9342E1F72DAB09D10079C451;
					};
				};
			};
			buildConfigurationList = 9342E1F32DAB09D10079C451 /* Build configuration list for PBXProject "Breadic" */;
			developmentRegion = en;
			hasScannedForEncodings = 0;
			knownRegions = (
				en,
				Base,
			);
			mainGroup = 9342E1EF2DAB09D10079C451;
			minimizedProjectReferenceProxies = 1;
			preferredProjectObjectVersion = 77;
			productRefGroup = 9342E1F92DAB09D10079C451 /* Products */;
			projectDirPath = "";
			projectRoot = "";
			targets = (
				9342E1F72DAB09D10079C451 /* Breadic */,
				9342E20D2DAB09D30079C451 /* BreadicTests */,
				9342E2172DAB09D30079C451 /* BreadicUITests */,
			);
		};
/* End PBXProject section */

/* Begin PBXResourcesBuildPhase section */
		9342E1F62DAB09D10079C451 /* Resources */ = {
			isa = PBXResourcesBuildPhase;
			buildActionMask = 2147483647;
			files = (
			);
			runOnlyForDeploymentPostprocessing = 0;
		};
		9342E20C2DAB09D30079C451 /* Resources */ = {
			isa = PBXResourcesBuildPhase;
			buildActionMask = 2147483647;
			files = (
			);
			runOnlyForDeploymentPostprocessing = 0;
		};
		9342E2162DAB09D30079C451 /* Resources */ = {
			isa = PBXResourcesBuildPhase;
			buildActionMask = 2147483647;
			files = (
			);
			runOnlyForDeploymentPostprocessing = 0;
		};
/* End PBXResourcesBuildPhase section */

/* Begin PBXSourcesBuildPhase section */
		9342E1F42DAB09D10079C451 /* Sources */ = {
			isa = PBXSourcesBuildPhase;
			buildActionMask = 2147483647;
			files = (
			);
			runOnlyForDeploymentPostprocessing = 0;
		};
		9342E20A2DAB09D30079C451 /* Sources */ = {
			isa = PBXSourcesBuildPhase;
			buildActionMask = 2147483647;
			files = (
			);
			runOnlyForDeploymentPostprocessing = 0;
		};
		9342E2142DAB09D30079C451 /* Sources */ = {
			isa = PBXSourcesBuildPhase;
			buildActionMask = 2147483647;
			files = (
			);
			runOnlyForDeploymentPostprocessing = 0;
		};
/* End PBXSourcesBuildPhase section */

/* Begin PBXTargetDependency section */
		9342E2102DAB09D30079C451 /* PBXTargetDependency */ = {
			isa = PBXTargetDependency;
			target = 9342E1F72DAB09D10079C451 /* Breadic */;
			targetProxy = 9342E20F2DAB09D30079C451 /* PBXContainerItemProxy */;
		};
		9342E21A2DAB09D30079C451 /* PBXTargetDependency */ = {
			isa = PBXTargetDependency;
			target = 9342E1F72DAB09D10079C451 /* Breadic */;
			targetProxy = 9342E2192DAB09D30079C451 /* PBXContainerItemProxy */;
		};
/* End PBXTargetDependency section */

/* Begin XCBuildConfiguration section */
		9342E2222DAB09D30079C451 /* Debug */ = {
			isa = XCBuildConfiguration;
			buildSettings = {
				ASSETCATALOG_COMPILER_APPICON_NAME = AppIcon;
				ASSETCATALOG_COMPILER_GLOBAL_ACCENT_COLOR_NAME = AccentColor;
				CODE_SIGN_STYLE = Automatic;
				CURRENT_PROJECT_VERSION = 1;
				GENERATE_INFOPLIST_FILE = YES;
				INFOPLIST_FILE = Breadic/Info.plist;
				INFOPLIST_KEY_CFBundleDisplayName = Breadic;
				INFOPLIST_KEY_LSApplicationCategoryType = "public.app-category.food-and-drink";
				INFOPLIST_KEY_UIApplicationSupportsIndirectInputEvents = YES;
				INFOPLIST_KEY_UILaunchStoryboardName = LaunchScreen;
				INFOPLIST_KEY_UIMainStoryboardFile = Main;
				INFOPLIST_KEY_UISupportedInterfaceOrientations_iPad = "UIInterfaceOrientationPortrait UIInterfaceOrientationPortraitUpsideDown UIInterfaceOrientationLandscapeLeft UIInterfaceOrientationLandscapeRight";
				INFOPLIST_KEY_UISupportedInterfaceOrientations_iPhone = "UIInterfaceOrientationPortrait UIInterfaceOrientationLandscapeLeft UIInterfaceOrientationLandscapeRight";
				IPHONEOS_DEPLOYMENT_TARGET = 15.6;
				LD_RUNPATH_SEARCH_PATHS = (
					"$(inherited)",
					"@executable_path/Frameworks",
				);
				MARKETING_VERSION = 1.0;
				PRODUCT_BUNDLE_IDENTIFIER = net.macnpc.Breadic;
				PRODUCT_NAME = "$(TARGET_NAME)";
				SWIFT_EMIT_LOC_STRINGS = YES;
				SWIFT_VERSION = 5.0;
				TARGETED_DEVICE_FAMILY = "1,2";
			};
			name = Debug;
		};
		9342E2232DAB09D30079C451 /* Release */ = {
			isa = XCBuildConfiguration;
			buildSettings = {
				ASSETCATALOG_COMPILER_APPICON_NAME = AppIcon;
				ASSETCATALOG_COMPILER_GLOBAL_ACCENT_COLOR_NAME = AccentColor;
				CODE_SIGN_STYLE = Automatic;
				CURRENT_PROJECT_VERSION = 1;
				GENERATE_INFOPLIST_FILE = YES;
				INFOPLIST_FILE = Breadic/Info.plist;
				INFOPLIST_KEY_CFBundleDisplayName = Breadic;
				INFOPLIST_KEY_LSApplicationCategoryType = "public.app-category.food-and-drink";
				INFOPLIST_KEY_UIApplicationSupportsIndirectInputEvents = YES;
				INFOPLIST_KEY_UILaunchStoryboardName = LaunchScreen;
				INFOPLIST_KEY_UIMainStoryboardFile = Main;
				INFOPLIST_KEY_UISupportedInterfaceOrientations_iPad = "UIInterfaceOrientationPortrait UIInterfaceOrientationPortraitUpsideDown UIInterfaceOrientationLandscapeLeft UIInterfaceOrientationLandscapeRight";
				INFOPLIST_KEY_UISupportedInterfaceOrientations_iPhone = "UIInterfaceOrientationPortrait UIInterfaceOrientationLandscapeLeft UIInterfaceOrientationLandscapeRight";
				IPHONEOS_DEPLOYMENT_TARGET = 15.6;
				LD_RUNPATH_SEARCH_PATHS = (
					"$(inherited)",
					"@executable_path/Frameworks",
				);
				MARKETING_VERSION = 1.0;
				PRODUCT_BUNDLE_IDENTIFIER = net.macnpc.Breadic;
				PRODUCT_NAME = "$(TARGET_NAME)";
				SWIFT_EMIT_LOC_STRINGS = YES;
				SWIFT_VERSION = 5.0;
				TARGETED_DEVICE_FAMILY = "1,2";
			};
			name = Release;
		};
		9342E2242DAB09D30079C451 /* Debug */ = {
			isa = XCBuildConfiguration;
			buildSettings = {
				ALWAYS_SEARCH_USER_PATHS = NO;
				ASSETCATALOG_COMPILER_GENERATE_SWIFT_ASSET_SYMBOL_EXTENSIONS = YES;
				CLANG_ANALYZER_NONNULL = YES;
				CLANG_ANALYZER_NUMBER_OBJECT_CONVERSION = YES_AGGRESSIVE;
				CLANG_CXX_LANGUAGE_STANDARD = "gnu++20";
				CLANG_ENABLE_MODULES = YES;
				CLANG_ENABLE_OBJC_ARC = YES;
				CLANG_ENABLE_OBJC_WEAK = YES;
				CLANG_WARN_BLOCK_CAPTURE_AUTORELEASING = YES;
				CLANG_WARN_BOOL_CONVERSION = YES;
				CLANG_WARN_COMMA = YES;
				CLANG_WARN_CONSTANT_CONVERSION = YES;
				CLANG_WARN_DEPRECATED_OBJC_IMPLEMENTATIONS = YES;
				CLANG_WARN_DIRECT_OBJC_ISA_USAGE = YES_ERROR;
				CLANG_WARN_DOCUMENTATION_COMMENTS = YES;
				CLANG_WARN_EMPTY_BODY = YES;
				CLANG_WARN_ENUM_CONVERSION = YES;
				CLANG_WARN_INFINITE_RECURSION = YES;
				CLANG_WARN_INT_CONVERSION = YES;
				CLANG_WARN_NON_LITERAL_NULL_CONVERSION = YES;
				CLANG_WARN_OBJC_IMPLICIT_RETAIN_SELF = YES;
				CLANG_WARN_OBJC_LITERAL_CONVERSION = YES;
				CLANG_WARN_OBJC_ROOT_CLASS = YES_ERROR;
				CLANG_WARN_QUOTED_INCLUDE_IN_FRAMEWORK_HEADER = YES;
				CLANG_WARN_RANGE_LOOP_ANALYSIS = YES;
				CLANG_WARN_STRICT_PROTOTYPES = YES;
				CLANG_WARN_SUSPICIOUS_MOVE = YES;
				CLANG_WARN_UNGUARDED_AVAILABILITY = YES_AGGRESSIVE;
				CLANG_WARN_UNREACHABLE_CODE = YES;
				CLANG_WARN__DUPLICATE_METHOD_MATCH = YES;
				COPY_PHASE_STRIP = NO;
				DEBUG_INFORMATION_FORMAT = dwarf;
				ENABLE_STRICT_OBJC_MSGSEND = YES;
				ENABLE_TESTABILITY = YES;
				ENABLE_USER_SCRIPT_SANDBOXING = YES;
				GCC_C_LANGUAGE_STANDARD = gnu17;
				GCC_DYNAMIC_NO_PIC = NO;
				GCC_NO_COMMON_BLOCKS = YES;
				GCC_OPTIMIZATION_LEVEL = 0;
				GCC_PREPROCESSOR_DEFINITIONS = (
					"DEBUG=1",
					"$(inherited)",
				);
				GCC_WARN_64_TO_32_BIT_CONVERSION = YES;
				GCC_WARN_ABOUT_RETURN_TYPE = YES_ERROR;
				GCC_WARN_UNDECLARED_SELECTOR = YES;
				GCC_WARN_UNINITIALIZED_AUTOS = YES_AGGRESSIVE;
				GCC_WARN_UNUSED_FUNCTION = YES;
				GCC_WARN_UNUSED_VARIABLE = YES;
				IPHONEOS_DEPLOYMENT_TARGET = 18.2;
				LOCALIZATION_PREFERS_STRING_CATALOGS = YES;
				MTL_ENABLE_DEBUG_INFO = INCLUDE_SOURCE;
				MTL_FAST_MATH = YES;
				ONLY_ACTIVE_ARCH = YES;
				SDKROOT = iphoneos;
				SWIFT_ACTIVE_COMPILATION_CONDITIONS = "DEBUG $(inherited)";
				SWIFT_OPTIMIZATION_LEVEL = "-Onone";
			};
			name = Debug;
		};
		9342E2252DAB09D30079C451 /* Release */ = {
			isa = XCBuildConfiguration;
			buildSettings = {
				ALWAYS_SEARCH_USER_PATHS = NO;
				ASSETCATALOG_COMPILER_GENERATE_SWIFT_ASSET_SYMBOL_EXTENSIONS = YES;
				CLANG_ANALYZER_NONNULL = YES;
				CLANG_ANALYZER_NUMBER_OBJECT_CONVERSION = YES_AGGRESSIVE;
				CLANG_CXX_LANGUAGE_STANDARD = "gnu++20";
				CLANG_ENABLE_MODULES = YES;
				CLANG_ENABLE_OBJC_ARC = YES;
				CLANG_ENABLE_OBJC_WEAK = YES;
				CLANG_WARN_BLOCK_CAPTURE_AUTORELEASING = YES;
				CLANG_WARN_BOOL_CONVERSION = YES;
				CLANG_WARN_COMMA = YES;
				CLANG_WARN_CONSTANT_CONVERSION = YES;
				CLANG_WARN_DEPRECATED_OBJC_IMPLEMENTATIONS = YES;
				CLANG_WARN_DIRECT_OBJC_ISA_USAGE = YES_ERROR;
				CLANG_WARN_DOCUMENTATION_COMMENTS = YES;
				CLANG_WARN_EMPTY_BODY = YES;
				CLANG_WARN_ENUM_CONVERSION = YES;
				CLANG_WARN_INFINITE_RECURSION = YES;
				CLANG_WARN_INT_CONVERSION = YES;
				CLANG_WARN_NON_LITERAL_NULL_CONVERSION = YES;
				CLANG_WARN_OBJC_IMPLICIT_RETAIN_SELF = YES;
				CLANG_WARN_OBJC_LITERAL_CONVERSION = YES;
				CLANG_WARN_OBJC_ROOT_CLASS = YES_ERROR;
				CLANG_WARN_QUOTED_INCLUDE_IN_FRAMEWORK_HEADER = YES;
				CLANG_WARN_RANGE_LOOP_ANALYSIS = YES;
				CLANG_WARN_STRICT_PROTOTYPES = YES;
				CLANG_WARN_SUSPICIOUS_MOVE = YES;
				CLANG_WARN_UNGUARDED_AVAILABILITY = YES_AGGRESSIVE;
				CLANG_WARN_UNREACHABLE_CODE = YES;
				CLANG_WARN__DUPLICATE_METHOD_MATCH = YES;
				COPY_PHASE_STRIP = NO;
				DEBUG_INFORMATION_FORMAT = "dwarf-with-dsym";
				ENABLE_NS_ASSERTIONS = NO;
				ENABLE_STRICT_OBJC_MSGSEND = YES;
				ENABLE_USER_SCRIPT_SANDBOXING = YES;
				GCC_C_LANGUAGE_STANDARD = gnu17;
				GCC_NO_COMMON_BLOCKS = YES;
				GCC_WARN_64_TO_32_BIT_CONVERSION = YES;
				GCC_WARN_ABOUT_RETURN_TYPE = YES_ERROR;
				GCC_WARN_UNDECLARED_SELECTOR = YES;
				GCC_WARN_UNINITIALIZED_AUTOS = YES_AGGRESSIVE;
				GCC_WARN_UNUSED_FUNCTION = YES;
				GCC_WARN_UNUSED_VARIABLE = YES;
				IPHONEOS_DEPLOYMENT_TARGET = 18.2;
				LOCALIZATION_PREFERS_STRING_CATALOGS = YES;
				MTL_ENABLE_DEBUG_INFO = NO;
				MTL_FAST_MATH = YES;
				SDKROOT = iphoneos;
				SWIFT_COMPILATION_MODE = wholemodule;
				VALIDATE_PRODUCT = YES;
			};
			name = Release;
		};
		9342E2272DAB09D30079C451 /* Debug */ = {
			isa = XCBuildConfiguration;
			buildSettings = {
				BUNDLE_LOADER = "$(TEST_HOST)";
				CODE_SIGN_STYLE = Automatic;
				CURRENT_PROJECT_VERSION = 1;
				GENERATE_INFOPLIST_FILE = YES;
				IPHONEOS_DEPLOYMENT_TARGET = 18.2;
				MARKETING_VERSION = 1.0;
				PRODUCT_BUNDLE_IDENTIFIER = net.macnpc.BreadicTests;
				PRODUCT_NAME = "$(TARGET_NAME)";
				SWIFT_EMIT_LOC_STRINGS = NO;
				SWIFT_VERSION = 5.0;
				TARGETED_DEVICE_FAMILY = "1,2";
				TEST_HOST = "$(BUILT_PRODUCTS_DIR)/Breadic.app/$(BUNDLE_EXECUTABLE_FOLDER_PATH)/Breadic";
			};
			name = Debug;
		};
		9342E2282DAB09D30079C451 /* Release */ = {
			isa = XCBuildConfiguration;
			buildSettings = {
				BUNDLE_LOADER = "$(TEST_HOST)";
				CODE_SIGN_STYLE = Automatic;
				CURRENT_PROJECT_VERSION = 1;
				GENERATE_INFOPLIST_FILE = YES;
				IPHONEOS_DEPLOYMENT_TARGET = 18.2;
				MARKETING_VERSION = 1.0;
				PRODUCT_BUNDLE_IDENTIFIER = net.macnpc.BreadicTests;
				PRODUCT_NAME = "$(TARGET_NAME)";
				SWIFT_EMIT_LOC_STRINGS = NO;
				SWIFT_VERSION = 5.0;
				TARGETED_DEVICE_FAMILY = "1,2";
				TEST_HOST = "$(BUILT_PRODUCTS_DIR)/Breadic.app/$(BUNDLE_EXECUTABLE_FOLDER_PATH)/Breadic";
			};
			name = Release;
		};
		9342E22A2DAB09D30079C451 /* Debug */ = {
			isa = XCBuildConfiguration;
			buildSettings = {
				CODE_SIGN_STYLE = Automatic;
				CURRENT_PROJECT_VERSION = 1;
				GENERATE_INFOPLIST_FILE = YES;
				MARKETING_VERSION = 1.0;
				PRODUCT_BUNDLE_IDENTIFIER = net.macnpc.BreadicUITests;
				PRODUCT_NAME = "$(TARGET_NAME)";
				SWIFT_EMIT_LOC_STRINGS = NO;
				SWIFT_VERSION = 5.0;
				TARGETED_DEVICE_FAMILY = "1,2";
				TEST_TARGET_NAME = Breadic;
			};
			name = Debug;
		};
		9342E22B2DAB09D30079C451 /* Release */ = {
			isa = XCBuildConfiguration;
			buildSettings = {
				CODE_SIGN_STYLE = Automatic;
				CURRENT_PROJECT_VERSION = 1;
				GENERATE_INFOPLIST_FILE = YES;
				MARKETING_VERSION = 1.0;
				PRODUCT_BUNDLE_IDENTIFIER = net.macnpc.BreadicUITests;
				PRODUCT_NAME = "$(TARGET_NAME)";
				SWIFT_EMIT_LOC_STRINGS = NO;
				SWIFT_VERSION = 5.0;
				TARGETED_DEVICE_FAMILY = "1,2";
				TEST_TARGET_NAME = Breadic;
			};
			name = Release;
		};
/* End XCBuildConfiguration section */

/* Begin XCConfigurationList section */
		9342E1F32DAB09D10079C451 /* Build configuration list for PBXProject "Breadic" */ = {
			isa = XCConfigurationList;
			buildConfigurations = (
				9342E2242DAB09D30079C451 /* Debug */,
				9342E2252DAB09D30079C451 /* Release */,
			);
			defaultConfigurationIsVisible = 0;
			defaultConfigurationName = Release;
		};
		9342E2212DAB09D30079C451 /* Build configuration list for PBXNativeTarget "Breadic" */ = {
			isa = XCConfigurationList;
			buildConfigurations = (
				9342E2222DAB09D30079C451 /* Debug */,
				9342E2232DAB09D30079C451 /* Release */,
			);
			defaultConfigurationIsVisible = 0;
			defaultConfigurationName = Release;
		};
		9342E2262DAB09D30079C451 /* Build configuration list for PBXNativeTarget "BreadicTests" */ = {
			isa = XCConfigurationList;
			buildConfigurations = (
				9342E2272DAB09D30079C451 /* Debug */,
				9342E2282DAB09D30079C451 /* Release */,
			);
			defaultConfigurationIsVisible = 0;
			defaultConfigurationName = Release;
		};
		9342E2292DAB09D30079C451 /* Build configuration list for PBXNativeTarget "BreadicUITests" */ = {
			isa = XCConfigurationList;
			buildConfigurations = (
				9342E22A2DAB09D30079C451 /* Debug */,
				9342E22B2DAB09D30079C451 /* Release */,
			);
			defaultConfigurationIsVisible = 0;
			defaultConfigurationName = Release;
		};
/* End XCConfigurationList section */
	};
	rootObject = 9342E1F02DAB09D10079C451 /* Project object */;
}
